// !$*UTF8*$!
{
	archiveVersion = 1;
	classes = {
	};
	objectVersion = 46;
	objects = {

/* Begin PBXBuildFile section */
		04C42DF91C12828A00037BFE /* main.m in Sources */ = {isa = PBXBuildFile; fileRef = 04C42DF81C12828A00037BFE /* main.m */; };
		04C42DFC1C12828A00037BFE /* AppDelegate.m in Sources */ = {isa = PBXBuildFile; fileRef = 04C42DFB1C12828A00037BFE /* AppDelegate.m */; };
		04C42DFF1C12828A00037BFE /* ViewController.m in Sources */ = {isa = PBXBuildFile; fileRef = 04C42DFE1C12828A00037BFE /* ViewController.m */; };
		04C42E021C12828A00037BFE /* Main.storyboard in Resources */ = {isa = PBXBuildFile; fileRef = 04C42E001C12828A00037BFE /* Main.storyboard */; };
		04C42E041C12828A00037BFE /* Images.xcassets in Resources */ = {isa = PBXBuildFile; fileRef = 04C42E031C12828A00037BFE /* Images.xcassets */; };
		04C42E071C12828A00037BFE /* LaunchScreen.xib in Resources */ = {isa = PBXBuildFile; fileRef = 04C42E051C12828A00037BFE /* LaunchScreen.xib */; };
		04C42E131C12828A00037BFE /* MyTableViewTests.m in Sources */ = {isa = PBXBuildFile; fileRef = 04C42E121C12828A00037BFE /* MyTableViewTests.m */; };
		04C42E1E1C12830B00037BFE /* MyTableVC.m in Sources */ = {isa = PBXBuildFile; fileRef = 04C42E1D1C12830B00037BFE /* MyTableVC.m */; };
		04C42E211C1286F500037BFE /* ArrowBtn.m in Sources */ = {isa = PBXBuildFile; fileRef = 04C42E201C1286F500037BFE /* ArrowBtn.m */; };
		04C42E231C1288E000037BFE /* Arrow.png in Resources */ = {isa = PBXBuildFile; fileRef = 04C42E221C1288E000037BFE /* Arrow.png */; };
/* End PBXBuildFile section */

/* Begin PBXContainerItemProxy section */
		04C42E0D1C12828A00037BFE /* PBXContainerItemProxy */ = {
			isa = PBXContainerItemProxy;
			containerPortal = 04C42DEB1C12828A00037BFE /* Project object */;
			proxyType = 1;
			remoteGlobalIDString = 04C42DF21C12828A00037BFE;
			remoteInfo = MyTableView;
		};
/* End PBXContainerItemProxy section */

/* Begin PBXFileReference section */
		04C42DF31C12828A00037BFE /* MyTableView.app */ = {isa = PBXFileReference; explicitFileType = wrapper.application; includeInIndex = 0; path = MyTableView.app; sourceTree = BUILT_PRODUCTS_DIR; };
		04C42DF71C12828A00037BFE /* Info.plist */ = {isa = PBXFileReference; lastKnownFileType = text.plist.xml; path = Info.plist; sourceTree = "<group>"; };
		04C42DF81C12828A00037BFE /* main.m */ = {isa = PBXFileReference; lastKnownFileType = sourcecode.c.objc; path = main.m; sourceTree = "<group>"; };
		04C42DFA1C12828A00037BFE /* AppDelegate.h */ = {isa = PBXFileReference; lastKnownFileType = sourcecode.c.h; path = AppDelegate.h; sourceTree = "<group>"; };
		04C42DFB1C12828A00037BFE /* AppDelegate.m */ = {isa = PBXFileReference; lastKnownFileType = sourcecode.c.objc; path = AppDelegate.m; sourceTree = "<group>"; };
		04C42DFD1C12828A00037BFE /* ViewController.h */ = {isa = PBXFileReference; lastKnownFileType = sourcecode.c.h; path = ViewController.h; sourceTree = "<group>"; };
		04C42DFE1C12828A00037BFE /* ViewController.m */ = {isa = PBXFileReference; lastKnownFileType = sourcecode.c.objc; path = ViewController.m; sourceTree = "<group>"; };
		04C42E011C12828A00037BFE /* Base */ = {isa = PBXFileReference; lastKnownFileType = file.storyboard; name = Base; path = Base.lproj/Main.storyboard; sourceTree = "<group>"; };
		04C42E031C12828A00037BFE /* Images.xcassets */ = {isa = PBXFileReference; lastKnownFileType = folder.assetcatalog; path = Images.xcassets; sourceTree = "<group>"; };
		04C42E061C12828A00037BFE /* Base */ = {isa = PBXFileReference; lastKnownFileType = file.xib; name = Base; path = Base.lproj/LaunchScreen.xib; sourceTree = "<group>"; };
		04C42E0C1C12828A00037BFE /* MyTableViewTests.xctest */ = {isa = PBXFileReference; explicitFileType = wrapper.cfbundle; includeInIndex = 0; path = MyTableViewTests.xctest; sourceTree = BUILT_PRODUCTS_DIR; };
		04C42E111C12828A00037BFE /* Info.plist */ = {isa = PBXFileReference; lastKnownFileType = text.plist.xml; path = Info.plist; sourceTree = "<group>"; };
		04C42E121C12828A00037BFE /* MyTableViewTests.m */ = {isa = PBXFileReference; lastKnownFileType = sourcecode.c.objc; path = MyTableViewTests.m; sourceTree = "<group>"; };
		04C42E1C1C12830B00037BFE /* MyTableVC.h */ = {isa = PBXFileReference; fileEncoding = 4; lastKnownFileType = sourcecode.c.h; path = MyTableVC.h; sourceTree = "<group>"; };
		04C42E1D1C12830B00037BFE /* MyTableVC.m */ = {isa = PBXFileReference; fileEncoding = 4; lastKnownFileType = sourcecode.c.objc; path = MyTableVC.m; sourceTree = "<group>"; };
		04C42E1F1C1286F500037BFE /* ArrowBtn.h */ = {isa = PBXFileReference; fileEncoding = 4; lastKnownFileType = sourcecode.c.h; path = ArrowBtn.h; sourceTree = "<group>"; };
		04C42E201C1286F500037BFE /* ArrowBtn.m */ = {isa = PBXFileReference; fileEncoding = 4; lastKnownFileType = sourcecode.c.objc; path = ArrowBtn.m; sourceTree = "<group>"; };
		04C42E221C1288E000037BFE /* Arrow.png */ = {isa = PBXFileReference; lastKnownFileType = image.png; path = Arrow.png; sourceTree = "<group>"; };
/* End PBXFileReference section */

/* Begin PBXFrameworksBuildPhase section */
		04C42DF01C12828A00037BFE /* Frameworks */ = {
			isa = PBXFrameworksBuildPhase;
			buildActionMask = 2147483647;
			files = (
			);
			runOnlyForDeploymentPostprocessing = 0;
		};
		04C42E091C12828A00037BFE /* Frameworks */ = {
			isa = PBXFrameworksBuildPhase;
			buildActionMask = 2147483647;
			files = (
			);
			runOnlyForDeploymentPostprocessing = 0;
		};
/* End PBXFrameworksBuildPhase section */

/* Begin PBXGroup section */
		04C42DEA1C12828A00037BFE = {
			isa = PBXGroup;
			children = (
				04C42DF51C12828A00037BFE /* MyTableView */,
				04C42E0F1C12828A00037BFE /* MyTableViewTests */,
				04C42DF41C12828A00037BFE /* Products */,
			);
			sourceTree = "<group>";
		};
		04C42DF41C12828A00037BFE /* Products */ = {
			isa = PBXGroup;
			children = (
				04C42DF31C12828A00037BFE /* MyTableView.app */,
				04C42E0C1C12828A00037BFE /* MyTableViewTests.xctest */,
			);
			name = Products;
			sourceTree = "<group>";
		};
		04C42DF51C12828A00037BFE /* MyTableView */ = {
			isa = PBXGroup;
			children = (
				04C42DFA1C12828A00037BFE /* AppDelegate.h */,
				04C42DFB1C12828A00037BFE /* AppDelegate.m */,
				04C42DFD1C12828A00037BFE /* ViewController.h */,
				04C42DFE1C12828A00037BFE /* ViewController.m */,
				04C42E1C1C12830B00037BFE /* MyTableVC.h */,
				04C42E1D1C12830B00037BFE /* MyTableVC.m */,
				04C42E1F1C1286F500037BFE /* ArrowBtn.h */,
				04C42E201C1286F500037BFE /* ArrowBtn.m */,
				04C42E001C12828A00037BFE /* Main.storyboard */,
				04C42E031C12828A00037BFE /* Images.xcassets */,
				04C42E221C1288E000037BFE /* Arrow.png */,
				04C42E051C12828A00037BFE /* LaunchScreen.xib */,
				04C42DF61C12828A00037BFE /* Supporting Files */,
			);
			path = MyTableView;
			sourceTree = "<group>";
		};
		04C42DF61C12828A00037BFE /* Supporting Files */ = {
			isa = PBXGroup;
			children = (
				04C42DF71C12828A00037BFE /* Info.plist */,
				04C42DF81C12828A00037BFE /* main.m */,
			);
			name = "Supporting Files";
			sourceTree = "<group>";
		};
		04C42E0F1C12828A00037BFE /* MyTableViewTests */ = {
			isa = PBXGroup;
			children = (
				04C42E121C12828A00037BFE /* MyTableViewTests.m */,
				04C42E101C12828A00037BFE /* Supporting Files */,
			);
			path = MyTableViewTests;
			sourceTree = "<group>";
		};
		04C42E101C12828A00037BFE /* Supporting Files */ = {
			isa = PBXGroup;
			children = (
				04C42E111C12828A00037BFE /* Info.plist */,
			);
			name = "Supporting Files";
			sourceTree = "<group>";
		};
/* End PBXGroup section */

/* Begin PBXNativeTarget section */
		04C42DF21C12828A00037BFE /* MyTableView */ = {
			isa = PBXNativeTarget;
			buildConfigurationList = 04C42E161C12828A00037BFE /* Build configuration list for PBXNativeTarget "MyTableView" */;
			buildPhases = (
				04C42DEF1C12828A00037BFE /* Sources */,
				04C42DF01C12828A00037BFE /* Frameworks */,
				04C42DF11C12828A00037BFE /* Resources */,
			);
			buildRules = (
			);
			dependencies = (
			);
			name = MyTableView;
			productName = MyTableView;
			productReference = 04C42DF31C12828A00037BFE /* MyTableView.app */;
			productType = "com.apple.product-type.application";
		};
		04C42E0B1C12828A00037BFE /* MyTableViewTests */ = {
			isa = PBXNativeTarget;
			buildConfigurationList = 04C42E191C12828A00037BFE /* Build configuration list for PBXNativeTarget "MyTableViewTests" */;
			buildPhases = (
				04C42E081C12828A00037BFE /* Sources */,
				04C42E091C12828A00037BFE /* Frameworks */,
				04C42E0A1C12828A00037BFE /* Resources */,
			);
			buildRules = (
			);
			dependencies = (
				04C42E0E1C12828A00037BFE /* PBXTargetDependency */,
			);
			name = MyTableViewTests;
			productName = MyTableViewTests;
			productReference = 04C42E0C1C12828A00037BFE /* MyTableViewTests.xctest */;
			productType = "com.apple.product-type.bundle.unit-test";
		};
/* End PBXNativeTarget section */

/* Begin PBXProject section */
		04C42DEB1C12828A00037BFE /* Project object */ = {
			isa = PBXProject;
			attributes = {
				LastUpgradeCheck = 0620;
				ORGANIZATIONNAME = laodao;
				TargetAttributes = {
					04C42DF21C12828A00037BFE = {
						CreatedOnToolsVersion = 6.2;
					};
					04C42E0B1C12828A00037BFE = {
						CreatedOnToolsVersion = 6.2;
						TestTargetID = 04C42DF21C12828A00037BFE;
					};
				};
			};
			buildConfigurationList = 04C42DEE1C12828A00037BFE /* Build configuration list for PBXProject "MyTableView" */;
			compatibilityVersion = "Xcode 3.2";
			developmentRegion = English;
			hasScannedForEncodings = 0;
			knownRegions = (
				en,
				Base,
			);
			mainGroup = 04C42DEA1C12828A00037BFE;
			productRefGroup = 04C42DF41C12828A00037BFE /* Products */;
			projectDirPath = "";
			projectRoot = "";
			targets = (
				04C42DF21C12828A00037BFE /* MyTableView */,
				04C42E0B1C12828A00037BFE /* MyTableViewTests */,
			);
		};
/* End PBXProject section */

/* Begin PBXResourcesBuildPhase section */
		04C42DF11C12828A00037BFE /* Resources */ = {
			isa = PBXResourcesBuildPhase;
			buildActionMask = 2147483647;
			files = (
				04C42E021C12828A00037BFE /* Main.storyboard in Resources */,
				04C42E071C12828A00037BFE /* LaunchScreen.xib in Resources */,
				04C42E041C12828A00037BFE /* Images.xcassets in Resources */,
				04C42E231C1288E000037BFE /* Arrow.png in Resources */,
			);
			runOnlyForDeploymentPostprocessing = 0;
		};
		04C42E0A1C12828A00037BFE /* Resources */ = {
			isa = PBXResourcesBuildPhase;
			buildActionMask = 2147483647;
			files = (
			);
			runOnlyForDeploymentPostprocessing = 0;
		};
/* End PBXResourcesBuildPhase section */

/* Begin PBXSourcesBuildPhase section */
		04C42DEF1C12828A00037BFE /* Sources */ = {
			isa = PBXSourcesBuildPhase;
			buildActionMask = 2147483647;
			files = (
				04C42DFF1C12828A00037BFE /* ViewController.m in Sources */,
				04C42E1E1C12830B00037BFE /* MyTableVC.m in Sources */,
				04C42DFC1C12828A00037BFE /* AppDelegate.m in Sources */,
				04C42DF91C12828A00037BFE /* main.m in Sources */,
				04C42E211C1286F500037BFE /* ArrowBtn.m in Sources */,
			);
			runOnlyForDeploymentPostprocessing = 0;
		};
		04C42E081C12828A00037BFE /* Sources */ = {
			isa = PBXSourcesBuildPhase;
			buildActionMask = 2147483647;
			files = (
				04C42E131C12828A00037BFE /* MyTableViewTests.m in Sources */,
			);
			runOnlyForDeploymentPostprocessing = 0;
		};
/* End PBXSourcesBuildPhase section */

/* Begin PBXTargetDependency section */
		04C42E0E1C12828A00037BFE /* PBXTargetDependency */ = {
			isa = PBXTargetDependency;
			target = 04C42DF21C12828A00037BFE /* MyTableView */;
			targetProxy = 04C42E0D1C12828A00037BFE /* PBXContainerItemProxy */;
		};
/* End PBXTargetDependency section */

/* Begin PBXVariantGroup section */
		04C42E001C12828A00037BFE /* Main.storyboard */ = {
			isa = PBXVariantGroup;
			children = (
				04C42E011C12828A00037BFE /* Base */,
			);
			name = Main.storyboard;
			sourceTree = "<group>";
		};
		04C42E051C12828A00037BFE /* LaunchScreen.xib */ = {
			isa = PBXVariantGroup;
			children = (
				04C42E061C12828A00037BFE /* Base */,
			);
			name = LaunchScreen.xib;
			sourceTree = "<group>";
		};
/* End PBXVariantGroup section */

/* Begin XCBuildConfiguration section */
		04C42E141C12828A00037BFE /* Debug */ = {
			isa = XCBuildConfiguration;
			buildSettings = {
				ALWAYS_SEARCH_USER_PATHS = NO;
				CLANG_CXX_LANGUAGE_STANDARD = "gnu++0x";
				CLANG_CXX_LIBRARY = "libc++";
				CLANG_ENABLE_MODULES = YES;
				CLANG_ENABLE_OBJC_ARC = YES;
				CLANG_WARN_BOOL_CONVERSION = YES;
				CLANG_WARN_CONSTANT_CONVERSION = YES;
				CLANG_WARN_DIRECT_OBJC_ISA_USAGE = YES_ERROR;
				CLANG_WARN_EMPTY_BODY = YES;
				CLANG_WARN_ENUM_CONVERSION = YES;
				CLANG_WARN_INT_CONVERSION = YES;
				CLANG_WARN_OBJC_ROOT_CLASS = YES_ERROR;
				CLANG_WARN_UNREACHABLE_CODE = YES;
				CLANG_WARN__DUPLICATE_METHOD_MATCH = YES;
				"CODE_SIGN_IDENTITY[sdk=iphoneos*]" = "iPhone Developer";
				COPY_PHASE_STRIP = NO;
				ENABLE_STRICT_OBJC_MSGSEND = YES;
				GCC_C_LANGUAGE_STANDARD = gnu99;
				GCC_DYNAMIC_NO_PIC = NO;
				GCC_OPTIMIZATION_LEVEL = 0;
				GCC_PREPROCESSOR_DEFINITIONS = (
					"DEBUG=1",
					"$(inherited)",
				);
				GCC_SYMBOLS_PRIVATE_EXTERN = NO;
				GCC_WARN_64_TO_32_BIT_CONVERSION = YES;
				GCC_WARN_ABOUT_RETURN_TYPE = YES_ERROR;
				GCC_WARN_UNDECLARED_SELECTOR = YES;
				GCC_WARN_UNINITIALIZED_AUTOS = YES_AGGRESSIVE;
				GCC_WARN_UNUSED_FUNCTION = YES;
				GCC_WARN_UNUSED_VARIABLE = YES;
				IPHONEOS_DEPLOYMENT_TARGET = 8.2;
				MTL_ENABLE_DEBUG_INFO = YES;
				ONLY_ACTIVE_ARCH = YES;
				SDKROOT = iphoneos;
			};
			name = Debug;
		};
		04C42E151C12828A00037BFE /* Release */ = {
			isa = XCBuildConfiguration;
			buildSettings = {
				ALWAYS_SEARCH_USER_PATHS = NO;
				CLANG_CXX_LANGUAGE_STANDARD = "gnu++0x";
				CLANG_CXX_LIBRARY = "libc++";
				CLANG_ENABLE_MODULES = YES;
				CLANG_ENABLE_OBJC_ARC = YES;
				CLANG_WARN_BOOL_CONVERSION = YES;
				CLANG_WARN_CONSTANT_CONVERSION = YES;
				CLANG_WARN_DIRECT_OBJC_ISA_USAGE = YES_ERROR;
				CLANG_WARN_EMPTY_BODY = YES;
				CLANG_WARN_ENUM_CONVERSION = YES;
				CLANG_WARN_INT_CONVERSION = YES;
				CLANG_WARN_OBJC_ROOT_CLASS = YES_ERROR;
				CLANG_WARN_UNREACHABLE_CODE = YES;
				CLANG_WARN__DUPLICATE_METHOD_MATCH = YES;
				"CODE_SIGN_IDENTITY[sdk=iphoneos*]" = "iPhone Developer";
				COPY_PHASE_STRIP = NO;
				ENABLE_NS_ASSERTIONS = NO;
				ENABLE_STRICT_OBJC_MSGSEND = YES;
				GCC_C_LANGUAGE_STANDARD = gnu99;
				GCC_WARN_64_TO_32_BIT_CONVERSION = YES;
				GCC_WARN_ABOUT_RETURN_TYPE = YES_ERROR;
				GCC_WARN_UNDECLARED_SELECTOR = YES;
				GCC_WARN_UNINITIALIZED_AUTOS = YES_AGGRESSIVE;
				GCC_WARN_UNUSED_FUNCTION = YES;
				GCC_WARN_UNUSED_VARIABLE = YES;
				IPHONEOS_DEPLOYMENT_TARGET = 8.2;
				MTL_ENABLE_DEBUG_INFO = NO;
				SDKROOT = iphoneos;
				VALIDATE_PRODUCT = YES;
			};
			name = Release;
		};
		04C42E171C12828A00037BFE /* Debug */ = {
			isa = XCBuildConfiguration;
			buildSettings = {
				ASSETCATALOG_COMPILER_APPICON_NAME = AppIcon;
				INFOPLIST_FILE = MyTableView/Info.plist;
				LD_RUNPATH_SEARCH_PATHS = "$(inherited) @executable_path/Frameworks";
				PRODUCT_NAME = "$(TARGET_NAME)";
			};
			name = Debug;
		};
		04C42E181C12828A00037BFE /* Release */ = {
			isa = XCBuildConfiguration;
			buildSettings = {
				ASSETCATALOG_COMPILER_APPICON_NAME = AppIcon;
				INFOPLIST_FILE = MyTableView/Info.plist;
				LD_RUNPATH_SEARCH_PATHS = "$(inherited) @executable_path/Frameworks";
				PRODUCT_NAME = "$(TARGET_NAME)";
			};
			name = Release;
		};
		04C42E1A1C12828A00037BFE /* Debug */ = {
			isa = XCBuildConfiguration;
			buildSettings = {
				BUNDLE_LOADER = "$(TEST_HOST)";
				FRAMEWORK_SEARCH_PATHS = (
					"$(SDKROOT)/Developer/Library/Frameworks",
					"$(inherited)",
				);
				GCC_PREPROCESSOR_DEFINITIONS = (
					"DEBUG=1",
					"$(inherited)",
				);
				INFOPLIST_FILE = MyTableViewTests/Info.plist;
				LD_RUNPATH_SEARCH_PATHS = "$(inherited) @executable_path/Frameworks @loader_path/Frameworks";
				PRODUCT_NAME = "$(TARGET_NAME)";
				TEST_HOST = "$(BUILT_PRODUCTS_DIR)/MyTableView.app/MyTableView";
			};
			name = Debug;
		};
		04C42E1B1C12828A00037BFE /* Release */ = {
			isa = XCBuildConfiguration;
			buildSettings = {
				BUNDLE_LOADER = "$(TEST_HOST)";
				FRAMEWORK_SEARCH_PATHS = (
					"$(SDKROOT)/Developer/Library/Frameworks",
					"$(inherited)",
				);
				INFOPLIST_FILE = MyTableViewTests/Info.plist;
				LD_RUNPATH_SEARCH_PATHS = "$(inherited) @executable_path/Frameworks @loader_path/Frameworks";
				PRODUCT_NAME = "$(TARGET_NAME)";
				TEST_HOST = "$(BUILT_PRODUCTS_DIR)/MyTableView.app/MyTableView";
			};
			name = Release;
		};
/* End XCBuildConfiguration section */

/* Begin XCConfigurationList section */
		04C42DEE1C12828A00037BFE /* Build configuration list for PBXProject "MyTableView" */ = {
			isa = XCConfigurationList;
			buildConfigurations = (
				04C42E141C12828A00037BFE /* Debug */,
				04C42E151C12828A00037BFE /* Release */,
			);
			defaultConfigurationIsVisible = 0;
			defaultConfigurationName = Release;
		};
		04C42E161C12828A00037BFE /* Build configuration list for PBXNativeTarget "MyTableView" */ = {
			isa = XCConfigurationList;
			buildConfigurations = (
				04C42E171C12828A00037BFE /* Debug */,
				04C42E181C12828A00037BFE /* Release */,
			);
			defaultConfigurationIsVisible = 0;
		};
		04C42E191C12828A00037BFE /* Build configuration list for PBXNativeTarget "MyTableViewTests" */ = {
			isa = XCConfigurationList;
			buildConfigurations = (
				04C42E1A1C12828A00037BFE /* Debug */,
				04C42E1B1C12828A00037BFE /* Release */,
			);
			defaultConfigurationIsVisible = 0;
		};
/* End XCConfigurationList section */
	};
	rootObject = 04C42DEB1C12828A00037BFE /* Project object */;
}
